Microsoft Visual Studio Solution File, Format Version 12.00
# Visual Studio Version 17
VisualStudioVersion = 17.5.2.0
MinimumVisualStudioVersion = 10.0.40219.1
Project("{FAE04EC0-301F-11D3-BF4B-00C04F79EFBC}") = "ValeAtivos324112890", "ValeAtivos324112890.csproj", "{C4DFE70E-4DBD-13FB-16EB-D16B6FE8BF4E}"
EndProject
Global
	GlobalSection(SolutionConfigurationPlatforms) = preSolution
		Debug|Any CPU = Debug|Any CPU
		Release|Any CPU = Release|Any CPU
	EndGlobalSection
	GlobalSection(ProjectConfigurationPlatforms) = postSolution
		{C4DFE70E-4DBD-13FB-16EB-D16B6FE8BF4E}.Debug|Any CPU.ActiveCfg = Debug|Any CPU
		{C4DFE70E-4DBD-13FB-16EB-D16B6FE8BF4E}.Debug|Any CPU.Build.0 = Debug|Any CPU
		{C4DFE70E-4DBD-13FB-16EB-D16B6FE8BF4E}.Release|Any CPU.ActiveCfg = Release|Any CPU
		{C4DFE70E-4DBD-13FB-16EB-D16B6FE8BF4E}.Release|Any CPU.Build.0 = Release|Any CPU
	EndGlobalSection
	GlobalSection(SolutionProperties) = preSolution
		HideSolutionNode = FALSE
	EndGlobalSection
	GlobalSection(ExtensibilityGlobals) = postSolution
		SolutionGuid = {97E853B4-377C-420F-8212-352720067826}
	EndGlobalSection
EndGlobal
